
Microsoft Visual Studio Solution File, Format Version 12.00
# Visual Studio 15
VisualStudioVersion = 15.0.28307.489
MinimumVisualStudioVersion = 10.0.40219.1
Project("{9A19103F-16F7-4668-BE54-9A1E7A4F7556}") = "CustomerService", "CustomerService\CustomerService.csproj", "{D205EC25-F34E-430D-A290-06D47D4B897E}"
EndProject
Project("{FAE04EC0-301F-11D3-BF4B-00C04F79EFBC}") = "DbContext", "DbContext\DbContext.csproj", "{912A3285-A24D-4368-804E-147202AD949C}"
EndProject
Global
	GlobalSection(SolutionConfigurationPlatforms) = preSolution
		Debug|Any CPU = Debug|Any CPU
		Release|Any CPU = Release|Any CPU
	EndGlobalSection
	GlobalSection(ProjectConfigurationPlatforms) = postSolution
		{D205EC25-F34E-430D-A290-06D47D4B897E}.Debug|Any CPU.ActiveCfg = Debug|Any CPU
		{D205EC25-F34E-430D-A290-06D47D4B897E}.Debug|Any CPU.Build.0 = Debug|Any CPU
		{D205EC25-F34E-430D-A290-06D47D4B897E}.Release|Any CPU.ActiveCfg = Release|Any CPU
		{D205EC25-F34E-430D-A290-06D47D4B897E}.Release|Any CPU.Build.0 = Release|Any CPU
		{912A3285-A24D-4368-804E-147202AD949C}.Debug|Any CPU.ActiveCfg = Debug|Any CPU
		{912A3285-A24D-4368-804E-147202AD949C}.Debug|Any CPU.Build.0 = Debug|Any CPU
		{912A3285-A24D-4368-804E-147202AD949C}.Release|Any CPU.ActiveCfg = Release|Any CPU
		{912A3285-A24D-4368-804E-147202AD949C}.Release|Any CPU.Build.0 = Release|Any CPU
	EndGlobalSection
	GlobalSection(SolutionProperties) = preSolution
		HideSolutionNode = FALSE
	EndGlobalSection
	GlobalSection(ExtensibilityGlobals) = postSolution
		SolutionGuid = {E5898CAE-8F92-477F-80FB-DCA316BB66A5}
	EndGlobalSection
EndGlobal
